// !$*UTF8*$!
{
	archiveVersion = 1;
	classes = {
	};
	objectVersion = 55;
	objects = {

/* Begin PBXBuildFile section */
		91657E30911BD6D51DC92CB6 /* Pods_Instagram_InstagramUITests.framework in Frameworks */ = {isa = PBXBuildFile; fileRef = D6119B172B81729BD9E27784 /* Pods_Instagram_InstagramUITests.framework */; };
		9B6C29E06A6CF144910CE9F1 /* Pods_Instagram.framework in Frameworks */ = {isa = PBXBuildFile; fileRef = 959040A624557F53E07FB924 /* Pods_Instagram.framework */; };
		C4B449D8641C125FBBA7F0C4 /* Pods_InstagramTests.framework in Frameworks */ = {isa = PBXBuildFile; fileRef = FD68BEE235C1FF685F8C6BEC /* Pods_InstagramTests.framework */; };
		D927C440286BB0680053F408 /* DetailsViewController.m in Sources */ = {isa = PBXBuildFile; fileRef = D927C43F286BB0680053F408 /* DetailsViewController.m */; };
		D96383FA286A41D70044603B /* AppDelegate.m in Sources */ = {isa = PBXBuildFile; fileRef = D96383F9286A41D70044603B /* AppDelegate.m */; };
		D96383FD286A41D70044603B /* SceneDelegate.m in Sources */ = {isa = PBXBuildFile; fileRef = D96383FC286A41D70044603B /* SceneDelegate.m */; };
		D9638400286A41D70044603B /* ViewController.m in Sources */ = {isa = PBXBuildFile; fileRef = D96383FF286A41D70044603B /* ViewController.m */; };
		D9638403286A41D70044603B /* Main.storyboard in Resources */ = {isa = PBXBuildFile; fileRef = D9638401286A41D70044603B /* Main.storyboard */; };
		D9638405286A41D80044603B /* Assets.xcassets in Resources */ = {isa = PBXBuildFile; fileRef = D9638404286A41D80044603B /* Assets.xcassets */; };
		D9638408286A41D80044603B /* LaunchScreen.storyboard in Resources */ = {isa = PBXBuildFile; fileRef = D9638406286A41D80044603B /* LaunchScreen.storyboard */; };
		D963840B286A41D80044603B /* main.m in Sources */ = {isa = PBXBuildFile; fileRef = D963840A286A41D80044603B /* main.m */; };
		D9638415286A41D80044603B /* InstagramTests.m in Sources */ = {isa = PBXBuildFile; fileRef = D9638414286A41D80044603B /* InstagramTests.m */; };
		D963841F286A41D80044603B /* InstagramUITests.m in Sources */ = {isa = PBXBuildFile; fileRef = D963841E286A41D80044603B /* InstagramUITests.m */; };
		D9638421286A41D80044603B /* InstagramUITestsLaunchTests.m in Sources */ = {isa = PBXBuildFile; fileRef = D9638420286A41D80044603B /* InstagramUITestsLaunchTests.m */; };
		D9ED403F286A57B80054876B /* RegistrationViewController.m in Sources */ = {isa = PBXBuildFile; fileRef = D9ED403E286A57B80054876B /* RegistrationViewController.m */; };
		D9ED4042286A59600054876B /* HomeViewController.m in Sources */ = {isa = PBXBuildFile; fileRef = D9ED4041286A59600054876B /* HomeViewController.m */; };
		D9ED4045286A5A6C0054876B /* LoginViewController.m in Sources */ = {isa = PBXBuildFile; fileRef = D9ED4044286A5A6C0054876B /* LoginViewController.m */; };
		D9ED4048286A70220054876B /* ComposeViewController.m in Sources */ = {isa = PBXBuildFile; fileRef = D9ED4047286A70220054876B /* ComposeViewController.m */; };
		D9ED404B286A72D90054876B /* InstagramTableViewCell.m in Sources */ = {isa = PBXBuildFile; fileRef = D9ED404A286A72D90054876B /* InstagramTableViewCell.m */; };
		D9ED404E286A7BD60054876B /* Post.m in Sources */ = {isa = PBXBuildFile; fileRef = D9ED404D286A7BD60054876B /* Post.m */; };
		D9ED4053286ABBA10054876B /* ProfileViewController.m in Sources */ = {isa = PBXBuildFile; fileRef = D9ED4052286ABBA10054876B /* ProfileViewController.m */; };
/* End PBXBuildFile section */

/* Begin PBXContainerItemProxy section */
		D9638411286A41D80044603B /* PBXContainerItemProxy */ = {
			isa = PBXContainerItemProxy;
			containerPortal = D96383ED286A41D70044603B /* Project object */;
			proxyType = 1;
			remoteGlobalIDString = D96383F4286A41D70044603B;
			remoteInfo = Instagram;
		};
		D963841B286A41D80044603B /* PBXContainerItemProxy */ = {
			isa = PBXContainerItemProxy;
			containerPortal = D96383ED286A41D70044603B /* Project object */;
			proxyType = 1;
			remoteGlobalIDString = D96383F4286A41D70044603B;
			remoteInfo = Instagram;
		};
/* End PBXContainerItemProxy section */

/* Begin PBXFileReference section */
		2080060FE252CADDAB04F489 /* Pods-InstagramTests.release.xcconfig */ = {isa = PBXFileReference; includeInIndex = 1; lastKnownFileType = text.xcconfig; name = "Pods-InstagramTests.release.xcconfig"; path = "Target Support Files/Pods-InstagramTests/Pods-InstagramTests.release.xcconfig"; sourceTree = "<group>"; };
		2B10950FFFC931AC68C33A33 /* Pods-Instagram-InstagramUITests.release.xcconfig */ = {isa = PBXFileReference; includeInIndex = 1; lastKnownFileType = text.xcconfig; name = "Pods-Instagram-InstagramUITests.release.xcconfig"; path = "Target Support Files/Pods-Instagram-InstagramUITests/Pods-Instagram-InstagramUITests.release.xcconfig"; sourceTree = "<group>"; };
		4AC0875C55D182A49BF5F003 /* Pods-Instagram.debug.xcconfig */ = {isa = PBXFileReference; includeInIndex = 1; lastKnownFileType = text.xcconfig; name = "Pods-Instagram.debug.xcconfig"; path = "Target Support Files/Pods-Instagram/Pods-Instagram.debug.xcconfig"; sourceTree = "<group>"; };
		94C360F94FAC1E36E82F1BDF /* Pods-Instagram.release.xcconfig */ = {isa = PBXFileReference; includeInIndex = 1; lastKnownFileType = text.xcconfig; name = "Pods-Instagram.release.xcconfig"; path = "Target Support Files/Pods-Instagram/Pods-Instagram.release.xcconfig"; sourceTree = "<group>"; };
		959040A624557F53E07FB924 /* Pods_Instagram.framework */ = {isa = PBXFileReference; explicitFileType = wrapper.framework; includeInIndex = 0; path = Pods_Instagram.framework; sourceTree = BUILT_PRODUCTS_DIR; };
		BEC008D994CF6A258B139CEE /* Pods-Instagram-InstagramUITests.debug.xcconfig */ = {isa = PBXFileReference; includeInIndex = 1; lastKnownFileType = text.xcconfig; name = "Pods-Instagram-InstagramUITests.debug.xcconfig"; path = "Target Support Files/Pods-Instagram-InstagramUITests/Pods-Instagram-InstagramUITests.debug.xcconfig"; sourceTree = "<group>"; };
		D6119B172B81729BD9E27784 /* Pods_Instagram_InstagramUITests.framework */ = {isa = PBXFileReference; explicitFileType = wrapper.framework; includeInIndex = 0; path = Pods_Instagram_InstagramUITests.framework; sourceTree = BUILT_PRODUCTS_DIR; };
		D693C7EB0A836FCF78105BC9 /* Pods-InstagramTests.debug.xcconfig */ = {isa = PBXFileReference; includeInIndex = 1; lastKnownFileType = text.xcconfig; name = "Pods-InstagramTests.debug.xcconfig"; path = "Target Support Files/Pods-InstagramTests/Pods-InstagramTests.debug.xcconfig"; sourceTree = "<group>"; };
		D927C43E286BB0680053F408 /* DetailsViewController.h */ = {isa = PBXFileReference; lastKnownFileType = sourcecode.c.h; path = DetailsViewController.h; sourceTree = "<group>"; };
		D927C43F286BB0680053F408 /* DetailsViewController.m */ = {isa = PBXFileReference; lastKnownFileType = sourcecode.c.objc; path = DetailsViewController.m; sourceTree = "<group>"; };
		D96383F5286A41D70044603B /* Instagram.app */ = {isa = PBXFileReference; explicitFileType = wrapper.application; includeInIndex = 0; path = Instagram.app; sourceTree = BUILT_PRODUCTS_DIR; };
		D96383F8286A41D70044603B /* AppDelegate.h */ = {isa = PBXFileReference; lastKnownFileType = sourcecode.c.h; path = AppDelegate.h; sourceTree = "<group>"; };
		D96383F9286A41D70044603B /* AppDelegate.m */ = {isa = PBXFileReference; lastKnownFileType = sourcecode.c.objc; path = AppDelegate.m; sourceTree = "<group>"; };
		D96383FB286A41D70044603B /* SceneDelegate.h */ = {isa = PBXFileReference; lastKnownFileType = sourcecode.c.h; path = SceneDelegate.h; sourceTree = "<group>"; };
		D96383FC286A41D70044603B /* SceneDelegate.m */ = {isa = PBXFileReference; lastKnownFileType = sourcecode.c.objc; path = SceneDelegate.m; sourceTree = "<group>"; };
		D96383FE286A41D70044603B /* ViewController.h */ = {isa = PBXFileReference; lastKnownFileType = sourcecode.c.h; path = ViewController.h; sourceTree = "<group>"; };
		D96383FF286A41D70044603B /* ViewController.m */ = {isa = PBXFileReference; lastKnownFileType = sourcecode.c.objc; path = ViewController.m; sourceTree = "<group>"; };
		D9638402286A41D70044603B /* Base */ = {isa = PBXFileReference; lastKnownFileType = file.storyboard; name = Base; path = Base.lproj/Main.storyboard; sourceTree = "<group>"; };
		D9638404286A41D80044603B /* Assets.xcassets */ = {isa = PBXFileReference; lastKnownFileType = folder.assetcatalog; path = Assets.xcassets; sourceTree = "<group>"; };
		D9638407286A41D80044603B /* Base */ = {isa = PBXFileReference; lastKnownFileType = file.storyboard; name = Base; path = Base.lproj/LaunchScreen.storyboard; sourceTree = "<group>"; };
		D9638409286A41D80044603B /* Info.plist */ = {isa = PBXFileReference; lastKnownFileType = text.plist.xml; path = Info.plist; sourceTree = "<group>"; };
		D963840A286A41D80044603B /* main.m */ = {isa = PBXFileReference; lastKnownFileType = sourcecode.c.objc; path = main.m; sourceTree = "<group>"; };
		D9638410286A41D80044603B /* InstagramTests.xctest */ = {isa = PBXFileReference; explicitFileType = wrapper.cfbundle; includeInIndex = 0; path = InstagramTests.xctest; sourceTree = BUILT_PRODUCTS_DIR; };
		D9638414286A41D80044603B /* InstagramTests.m */ = {isa = PBXFileReference; lastKnownFileType = sourcecode.c.objc; path = InstagramTests.m; sourceTree = "<group>"; };
		D963841A286A41D80044603B /* InstagramUITests.xctest */ = {isa = PBXFileReference; explicitFileType = wrapper.cfbundle; includeInIndex = 0; path = InstagramUITests.xctest; sourceTree = BUILT_PRODUCTS_DIR; };
		D963841E286A41D80044603B /* InstagramUITests.m */ = {isa = PBXFileReference; lastKnownFileType = sourcecode.c.objc; path = InstagramUITests.m; sourceTree = "<group>"; };
		D9638420286A41D80044603B /* InstagramUITestsLaunchTests.m */ = {isa = PBXFileReference; lastKnownFileType = sourcecode.c.objc; path = InstagramUITestsLaunchTests.m; sourceTree = "<group>"; };
		D9ED403D286A57B80054876B /* RegistrationViewController.h */ = {isa = PBXFileReference; lastKnownFileType = sourcecode.c.h; path = RegistrationViewController.h; sourceTree = "<group>"; };
		D9ED403E286A57B80054876B /* RegistrationViewController.m */ = {isa = PBXFileReference; lastKnownFileType = sourcecode.c.objc; path = RegistrationViewController.m; sourceTree = "<group>"; };
		D9ED4040286A59600054876B /* HomeViewController.h */ = {isa = PBXFileReference; lastKnownFileType = sourcecode.c.h; path = HomeViewController.h; sourceTree = "<group>"; };
		D9ED4041286A59600054876B /* HomeViewController.m */ = {isa = PBXFileReference; lastKnownFileType = sourcecode.c.objc; path = HomeViewController.m; sourceTree = "<group>"; };
		D9ED4043286A5A6C0054876B /* LoginViewController.h */ = {isa = PBXFileReference; lastKnownFileType = sourcecode.c.h; path = LoginViewController.h; sourceTree = "<group>"; };
		D9ED4044286A5A6C0054876B /* LoginViewController.m */ = {isa = PBXFileReference; lastKnownFileType = sourcecode.c.objc; path = LoginViewController.m; sourceTree = "<group>"; };
		D9ED4046286A70220054876B /* ComposeViewController.h */ = {isa = PBXFileReference; lastKnownFileType = sourcecode.c.h; path = ComposeViewController.h; sourceTree = "<group>"; };
		D9ED4047286A70220054876B /* ComposeViewController.m */ = {isa = PBXFileReference; lastKnownFileType = sourcecode.c.objc; path = ComposeViewController.m; sourceTree = "<group>"; };
		D9ED4049286A72D90054876B /* InstagramTableViewCell.h */ = {isa = PBXFileReference; lastKnownFileType = sourcecode.c.h; path = InstagramTableViewCell.h; sourceTree = "<group>"; };
		D9ED404A286A72D90054876B /* InstagramTableViewCell.m */ = {isa = PBXFileReference; lastKnownFileType = sourcecode.c.objc; path = InstagramTableViewCell.m; sourceTree = "<group>"; };
		D9ED404C286A7BD60054876B /* Post.h */ = {isa = PBXFileReference; lastKnownFileType = sourcecode.c.h; path = Post.h; sourceTree = "<group>"; };
		D9ED404D286A7BD60054876B /* Post.m */ = {isa = PBXFileReference; lastKnownFileType = sourcecode.c.objc; path = Post.m; sourceTree = "<group>"; };
		D9ED4051286ABBA10054876B /* ProfileViewController.h */ = {isa = PBXFileReference; lastKnownFileType = sourcecode.c.h; path = ProfileViewController.h; sourceTree = "<group>"; };
		D9ED4052286ABBA10054876B /* ProfileViewController.m */ = {isa = PBXFileReference; lastKnownFileType = sourcecode.c.objc; path = ProfileViewController.m; sourceTree = "<group>"; };
		FD68BEE235C1FF685F8C6BEC /* Pods_InstagramTests.framework */ = {isa = PBXFileReference; explicitFileType = wrapper.framework; includeInIndex = 0; path = Pods_InstagramTests.framework; sourceTree = BUILT_PRODUCTS_DIR; };
/* End PBXFileReference section */

/* Begin PBXFrameworksBuildPhase section */
		D96383F2286A41D70044603B /* Frameworks */ = {
			isa = PBXFrameworksBuildPhase;
			buildActionMask = 2147483647;
			files = (
				9B6C29E06A6CF144910CE9F1 /* Pods_Instagram.framework in Frameworks */,
			);
			runOnlyForDeploymentPostprocessing = 0;
		};
		D963840D286A41D80044603B /* Frameworks */ = {
			isa = PBXFrameworksBuildPhase;
			buildActionMask = 2147483647;
			files = (
				C4B449D8641C125FBBA7F0C4 /* Pods_InstagramTests.framework in Frameworks */,
			);
			runOnlyForDeploymentPostprocessing = 0;
		};
		D9638417286A41D80044603B /* Frameworks */ = {
			isa = PBXFrameworksBuildPhase;
			buildActionMask = 2147483647;
			files = (
				91657E30911BD6D51DC92CB6 /* Pods_Instagram_InstagramUITests.framework in Frameworks */,
			);
			runOnlyForDeploymentPostprocessing = 0;
		};
/* End PBXFrameworksBuildPhase section */

/* Begin PBXGroup section */
		4C02B94265394320DAFDA73A /* Pods */ = {
			isa = PBXGroup;
			children = (
				4AC0875C55D182A49BF5F003 /* Pods-Instagram.debug.xcconfig */,
				94C360F94FAC1E36E82F1BDF /* Pods-Instagram.release.xcconfig */,
				BEC008D994CF6A258B139CEE /* Pods-Instagram-InstagramUITests.debug.xcconfig */,
				2B10950FFFC931AC68C33A33 /* Pods-Instagram-InstagramUITests.release.xcconfig */,
				D693C7EB0A836FCF78105BC9 /* Pods-InstagramTests.debug.xcconfig */,
				2080060FE252CADDAB04F489 /* Pods-InstagramTests.release.xcconfig */,
			);
			path = Pods;
			sourceTree = "<group>";
		};
		C835DDDFC11B210D6319E55B /* Frameworks */ = {
			isa = PBXGroup;
			children = (
				959040A624557F53E07FB924 /* Pods_Instagram.framework */,
				D6119B172B81729BD9E27784 /* Pods_Instagram_InstagramUITests.framework */,
				FD68BEE235C1FF685F8C6BEC /* Pods_InstagramTests.framework */,
			);
			name = Frameworks;
			sourceTree = "<group>";
		};
		D96383EC286A41D70044603B = {
			isa = PBXGroup;
			children = (
				D96383F7286A41D70044603B /* Instagram */,
				D9638413286A41D80044603B /* InstagramTests */,
				D963841D286A41D80044603B /* InstagramUITests */,
				D96383F6286A41D70044603B /* Products */,
				4C02B94265394320DAFDA73A /* Pods */,
				C835DDDFC11B210D6319E55B /* Frameworks */,
			);
			sourceTree = "<group>";
		};
		D96383F6286A41D70044603B /* Products */ = {
			isa = PBXGroup;
			children = (
				D96383F5286A41D70044603B /* Instagram.app */,
				D9638410286A41D80044603B /* InstagramTests.xctest */,
				D963841A286A41D80044603B /* InstagramUITests.xctest */,
			);
			name = Products;
			sourceTree = "<group>";
		};
		D96383F7286A41D70044603B /* Instagram */ = {
			isa = PBXGroup;
			children = (
				D9ED4050286A7C3F0054876B /* Cell */,
				D9ED404F286A7C1C0054876B /* View Controllers */,
				D96383F8286A41D70044603B /* AppDelegate.h */,
				D96383F9286A41D70044603B /* AppDelegate.m */,
				D96383FB286A41D70044603B /* SceneDelegate.h */,
				D96383FC286A41D70044603B /* SceneDelegate.m */,
				D96383FE286A41D70044603B /* ViewController.h */,
				D96383FF286A41D70044603B /* ViewController.m */,
				D9638401286A41D70044603B /* Main.storyboard */,
				D9638404286A41D80044603B /* Assets.xcassets */,
				D9638406286A41D80044603B /* LaunchScreen.storyboard */,
				D9638409286A41D80044603B /* Info.plist */,
				D963840A286A41D80044603B /* main.m */,
				D9ED404C286A7BD60054876B /* Post.h */,
				D9ED404D286A7BD60054876B /* Post.m */,
			);
			path = Instagram;
			sourceTree = "<group>";
		};
		D9638413286A41D80044603B /* InstagramTests */ = {
			isa = PBXGroup;
			children = (
				D9638414286A41D80044603B /* InstagramTests.m */,
			);
			path = InstagramTests;
			sourceTree = "<group>";
		};
		D963841D286A41D80044603B /* InstagramUITests */ = {
			isa = PBXGroup;
			children = (
				D963841E286A41D80044603B /* InstagramUITests.m */,
				D9638420286A41D80044603B /* InstagramUITestsLaunchTests.m */,
			);
			path = InstagramUITests;
			sourceTree = "<group>";
		};
		D9ED404F286A7C1C0054876B /* View Controllers */ = {
			isa = PBXGroup;
			children = (
				D9ED403D286A57B80054876B /* RegistrationViewController.h */,
				D9ED403E286A57B80054876B /* RegistrationViewController.m */,
				D9ED4040286A59600054876B /* HomeViewController.h */,
				D9ED4041286A59600054876B /* HomeViewController.m */,
				D9ED4043286A5A6C0054876B /* LoginViewController.h */,
				D9ED4044286A5A6C0054876B /* LoginViewController.m */,
				D9ED4046286A70220054876B /* ComposeViewController.h */,
				D9ED4047286A70220054876B /* ComposeViewController.m */,
				D927C43E286BB0680053F408 /* DetailsViewController.h */,
				D927C43F286BB0680053F408 /* DetailsViewController.m */,
				D9ED4051286ABBA10054876B /* ProfileViewController.h */,
				D9ED4052286ABBA10054876B /* ProfileViewController.m */,
			);
			path = "View Controllers";
			sourceTree = "<group>";
		};
		D9ED4050286A7C3F0054876B /* Cell */ = {
			isa = PBXGroup;
			children = (
				D9ED4049286A72D90054876B /* InstagramTableViewCell.h */,
				D9ED404A286A72D90054876B /* InstagramTableViewCell.m */,
			);
			path = Cell;
			sourceTree = "<group>";
		};
/* End PBXGroup section */

/* Begin PBXNativeTarget section */
		D96383F4286A41D70044603B /* Instagram */ = {
			isa = PBXNativeTarget;
			buildConfigurationList = D9638424286A41D80044603B /* Build configuration list for PBXNativeTarget "Instagram" */;
			buildPhases = (
				D655510E9EFABFEAD80DF2E9 /* [CP] Check Pods Manifest.lock */,
				D96383F1286A41D70044603B /* Sources */,
				D96383F2286A41D70044603B /* Frameworks */,
				D96383F3286A41D70044603B /* Resources */,
				08BD85E4B8B295F9D886EA7C /* [CP] Embed Pods Frameworks */,
			);
			buildRules = (
			);
			dependencies = (
			);
			name = Instagram;
			productName = Instagram;
			productReference = D96383F5286A41D70044603B /* Instagram.app */;
			productType = "com.apple.product-type.application";
		};
		D963840F286A41D80044603B /* InstagramTests */ = {
			isa = PBXNativeTarget;
			buildConfigurationList = D9638427286A41D80044603B /* Build configuration list for PBXNativeTarget "InstagramTests" */;
			buildPhases = (
				4B27A8E28439F38AFBFD220D /* [CP] Check Pods Manifest.lock */,
				D963840C286A41D80044603B /* Sources */,
				D963840D286A41D80044603B /* Frameworks */,
				D963840E286A41D80044603B /* Resources */,
			);
			buildRules = (
			);
			dependencies = (
				D9638412286A41D80044603B /* PBXTargetDependency */,
			);
			name = InstagramTests;
			productName = InstagramTests;
			productReference = D9638410286A41D80044603B /* InstagramTests.xctest */;
			productType = "com.apple.product-type.bundle.unit-test";
		};
		D9638419286A41D80044603B /* InstagramUITests */ = {
			isa = PBXNativeTarget;
			buildConfigurationList = D963842A286A41D80044603B /* Build configuration list for PBXNativeTarget "InstagramUITests" */;
			buildPhases = (
				7B766285F6ADAACD292418EF /* [CP] Check Pods Manifest.lock */,
				D9638416286A41D80044603B /* Sources */,
				D9638417286A41D80044603B /* Frameworks */,
				D9638418286A41D80044603B /* Resources */,
				82896E7F7BD504F6101CA9CF /* [CP] Embed Pods Frameworks */,
			);
			buildRules = (
			);
			dependencies = (
				D963841C286A41D80044603B /* PBXTargetDependency */,
			);
			name = InstagramUITests;
			productName = InstagramUITests;
			productReference = D963841A286A41D80044603B /* InstagramUITests.xctest */;
			productType = "com.apple.product-type.bundle.ui-testing";
		};
/* End PBXNativeTarget section */

/* Begin PBXProject section */
		D96383ED286A41D70044603B /* Project object */ = {
			isa = PBXProject;
			attributes = {
				BuildIndependentTargetsInParallel = 1;
				LastUpgradeCheck = 1340;
				TargetAttributes = {
					D96383F4286A41D70044603B = {
						CreatedOnToolsVersion = 13.4.1;
					};
					D963840F286A41D80044603B = {
						CreatedOnToolsVersion = 13.4.1;
						TestTargetID = D96383F4286A41D70044603B;
					};
					D9638419286A41D80044603B = {
						CreatedOnToolsVersion = 13.4.1;
						TestTargetID = D96383F4286A41D70044603B;
					};
				};
			};
			buildConfigurationList = D96383F0286A41D70044603B /* Build configuration list for PBXProject "Instagram" */;
			compatibilityVersion = "Xcode 13.0";
			developmentRegion = en;
			hasScannedForEncodings = 0;
			knownRegions = (
				en,
				Base,
			);
			mainGroup = D96383EC286A41D70044603B;
			productRefGroup = D96383F6286A41D70044603B /* Products */;
			projectDirPath = "";
			projectRoot = "";
			targets = (
				D96383F4286A41D70044603B /* Instagram */,
				D963840F286A41D80044603B /* InstagramTests */,
				D9638419286A41D80044603B /* InstagramUITests */,
			);
		};
/* End PBXProject section */

/* Begin PBXResourcesBuildPhase section */
		D96383F3286A41D70044603B /* Resources */ = {
			isa = PBXResourcesBuildPhase;
			buildActionMask = 2147483647;
			files = (
				D9638408286A41D80044603B /* LaunchScreen.storyboard in Resources */,
				D9638405286A41D80044603B /* Assets.xcassets in Resources */,
				D9638403286A41D70044603B /* Main.storyboard in Resources */,
			);
			runOnlyForDeploymentPostprocessing = 0;
		};
		D963840E286A41D80044603B /* Resources */ = {
			isa = PBXResourcesBuildPhase;
			buildActionMask = 2147483647;
			files = (
			);
			runOnlyForDeploymentPostprocessing = 0;
		};
		D9638418286A41D80044603B /* Resources */ = {
			isa = PBXResourcesBuildPhase;
			buildActionMask = 2147483647;
			files = (
			);
			runOnlyForDeploymentPostprocessing = 0;
		};
/* End PBXResourcesBuildPhase section */

/* Begin PBXShellScriptBuildPhase section */
		08BD85E4B8B295F9D886EA7C /* [CP] Embed Pods Frameworks */ = {
			isa = PBXShellScriptBuildPhase;
			buildActionMask = 2147483647;
			files = (
			);
			inputFileListPaths = (
				"${PODS_ROOT}/Target Support Files/Pods-Instagram/Pods-Instagram-frameworks-${CONFIGURATION}-input-files.xcfilelist",
			);
			name = "[CP] Embed Pods Frameworks";
			outputFileListPaths = (
				"${PODS_ROOT}/Target Support Files/Pods-Instagram/Pods-Instagram-frameworks-${CONFIGURATION}-output-files.xcfilelist",
			);
			runOnlyForDeploymentPostprocessing = 0;
			shellPath = /bin/sh;
			shellScript = "\"${PODS_ROOT}/Target Support Files/Pods-Instagram/Pods-Instagram-frameworks.sh\"\n";
			showEnvVarsInLog = 0;
		};
		4B27A8E28439F38AFBFD220D /* [CP] Check Pods Manifest.lock */ = {
			isa = PBXShellScriptBuildPhase;
			buildActionMask = 2147483647;
			files = (
			);
			inputFileListPaths = (
			);
			inputPaths = (
				"${PODS_PODFILE_DIR_PATH}/Podfile.lock",
				"${PODS_ROOT}/Manifest.lock",
			);
			name = "[CP] Check Pods Manifest.lock";
			outputFileListPaths = (
			);
			outputPaths = (
				"$(DERIVED_FILE_DIR)/Pods-InstagramTests-checkManifestLockResult.txt",
			);
			runOnlyForDeploymentPostprocessing = 0;
			shellPath = /bin/sh;
			shellScript = "diff \"${PODS_PODFILE_DIR_PATH}/Podfile.lock\" \"${PODS_ROOT}/Manifest.lock\" > /dev/null\nif [ $? != 0 ] ; then\n    # print error to STDERR\n    echo \"error: The sandbox is not in sync with the Podfile.lock. Run 'pod install' or update your CocoaPods installation.\" >&2\n    exit 1\nfi\n# This output is used by Xcode 'outputs' to avoid re-running this script phase.\necho \"SUCCESS\" > \"${SCRIPT_OUTPUT_FILE_0}\"\n";
			showEnvVarsInLog = 0;
		};
		7B766285F6ADAACD292418EF /* [CP] Check Pods Manifest.lock */ = {
			isa = PBXShellScriptBuildPhase;
			buildActionMask = 2147483647;
			files = (
			);
			inputFileListPaths = (
			);
			inputPaths = (
				"${PODS_PODFILE_DIR_PATH}/Podfile.lock",
				"${PODS_ROOT}/Manifest.lock",
			);
			name = "[CP] Check Pods Manifest.lock";
			outputFileListPaths = (
			);
			outputPaths = (
				"$(DERIVED_FILE_DIR)/Pods-Instagram-InstagramUITests-checkManifestLockResult.txt",
			);
			runOnlyForDeploymentPostprocessing = 0;
			shellPath = /bin/sh;
			shellScript = "diff \"${PODS_PODFILE_DIR_PATH}/Podfile.lock\" \"${PODS_ROOT}/Manifest.lock\" > /dev/null\nif [ $? != 0 ] ; then\n    # print error to STDERR\n    echo \"error: The sandbox is not in sync with the Podfile.lock. Run 'pod install' or update your CocoaPods installation.\" >&2\n    exit 1\nfi\n# This output is used by Xcode 'outputs' to avoid re-running this script phase.\necho \"SUCCESS\" > \"${SCRIPT_OUTPUT_FILE_0}\"\n";
			showEnvVarsInLog = 0;
		};
		82896E7F7BD504F6101CA9CF /* [CP] Embed Pods Frameworks */ = {
			isa = PBXShellScriptBuildPhase;
			buildActionMask = 2147483647;
			files = (
			);
			inputFileListPaths = (
				"${PODS_ROOT}/Target Support Files/Pods-Instagram-InstagramUITests/Pods-Instagram-InstagramUITests-frameworks-${CONFIGURATION}-input-files.xcfilelist",
			);
			name = "[CP] Embed Pods Frameworks";
			outputFileListPaths = (
				"${PODS_ROOT}/Target Support Files/Pods-Instagram-InstagramUITests/Pods-Instagram-InstagramUITests-frameworks-${CONFIGURATION}-output-files.xcfilelist",
			);
			runOnlyForDeploymentPostprocessing = 0;
			shellPath = /bin/sh;
			shellScript = "\"${PODS_ROOT}/Target Support Files/Pods-Instagram-InstagramUITests/Pods-Instagram-InstagramUITests-frameworks.sh\"\n";
			showEnvVarsInLog = 0;
		};
		D655510E9EFABFEAD80DF2E9 /* [CP] Check Pods Manifest.lock */ = {
			isa = PBXShellScriptBuildPhase;
			buildActionMask = 2147483647;
			files = (
			);
			inputFileListPaths = (
			);
			inputPaths = (
				"${PODS_PODFILE_DIR_PATH}/Podfile.lock",
				"${PODS_ROOT}/Manifest.lock",
			);
			name = "[CP] Check Pods Manifest.lock";
			outputFileListPaths = (
			);
			outputPaths = (
				"$(DERIVED_FILE_DIR)/Pods-Instagram-checkManifestLockResult.txt",
			);
			runOnlyForDeploymentPostprocessing = 0;
			shellPath = /bin/sh;
			shellScript = "diff \"${PODS_PODFILE_DIR_PATH}/Podfile.lock\" \"${PODS_ROOT}/Manifest.lock\" > /dev/null\nif [ $? != 0 ] ; then\n    # print error to STDERR\n    echo \"error: The sandbox is not in sync with the Podfile.lock. Run 'pod install' or update your CocoaPods installation.\" >&2\n    exit 1\nfi\n# This output is used by Xcode 'outputs' to avoid re-running this script phase.\necho \"SUCCESS\" > \"${SCRIPT_OUTPUT_FILE_0}\"\n";
			showEnvVarsInLog = 0;
		};
/* End PBXShellScriptBuildPhase section */

/* Begin PBXSourcesBuildPhase section */
		D96383F1286A41D70044603B /* Sources */ = {
			isa = PBXSourcesBuildPhase;
			buildActionMask = 2147483647;
			files = (
				D9638400286A41D70044603B /* ViewController.m in Sources */,
				D96383FA286A41D70044603B /* AppDelegate.m in Sources */,
				D9ED403F286A57B80054876B /* RegistrationViewController.m in Sources */,
				D927C440286BB0680053F408 /* DetailsViewController.m in Sources */,
				D963840B286A41D80044603B /* main.m in Sources */,
				D9ED404B286A72D90054876B /* InstagramTableViewCell.m in Sources */,
				D9ED404E286A7BD60054876B /* Post.m in Sources */,
				D9ED4045286A5A6C0054876B /* LoginViewController.m in Sources */,
				D96383FD286A41D70044603B /* SceneDelegate.m in Sources */,
				D9ED4053286ABBA10054876B /* ProfileViewController.m in Sources */,
				D9ED4042286A59600054876B /* HomeViewController.m in Sources */,
				D9ED4048286A70220054876B /* ComposeViewController.m in Sources */,
			);
			runOnlyForDeploymentPostprocessing = 0;
		};
		D963840C286A41D80044603B /* Sources */ = {
			isa = PBXSourcesBuildPhase;
			buildActionMask = 2147483647;
			files = (
				D9638415286A41D80044603B /* InstagramTests.m in Sources */,
			);
			runOnlyForDeploymentPostprocessing = 0;
		};
		D9638416286A41D80044603B /* Sources */ = {
			isa = PBXSourcesBuildPhase;
			buildActionMask = 2147483647;
			files = (
				D963841F286A41D80044603B /* InstagramUITests.m in Sources */,
				D9638421286A41D80044603B /* InstagramUITestsLaunchTests.m in Sources */,
			);
			runOnlyForDeploymentPostprocessing = 0;
		};
/* End PBXSourcesBuildPhase section */

/* Begin PBXTargetDependency section */
		D9638412286A41D80044603B /* PBXTargetDependency */ = {
			isa = PBXTargetDependency;
			target = D96383F4286A41D70044603B /* Instagram */;
			targetProxy = D9638411286A41D80044603B /* PBXContainerItemProxy */;
		};
		D963841C286A41D80044603B /* PBXTargetDependency */ = {
			isa = PBXTargetDependency;
			target = D96383F4286A41D70044603B /* Instagram */;
			targetProxy = D963841B286A41D80044603B /* PBXContainerItemProxy */;
		};
/* End PBXTargetDependency section */

/* Begin PBXVariantGroup section */
		D9638401286A41D70044603B /* Main.storyboard */ = {
			isa = PBXVariantGroup;
			children = (
				D9638402286A41D70044603B /* Base */,
			);
			name = Main.storyboard;
			sourceTree = "<group>";
		};
		D9638406286A41D80044603B /* LaunchScreen.storyboard */ = {
			isa = PBXVariantGroup;
			children = (
				D9638407286A41D80044603B /* Base */,
			);
			name = LaunchScreen.storyboard;
			sourceTree = "<group>";
		};
/* End PBXVariantGroup section */

/* Begin XCBuildConfiguration section */
		D9638422286A41D80044603B /* Debug */ = {
			isa = XCBuildConfiguration;
			buildSettings = {
				ALWAYS_SEARCH_USER_PATHS = NO;
				CLANG_ANALYZER_NONNULL = YES;
				CLANG_ANALYZER_NUMBER_OBJECT_CONVERSION = YES_AGGRESSIVE;
				CLANG_CXX_LANGUAGE_STANDARD = "gnu++17";
				CLANG_ENABLE_MODULES = YES;
				CLANG_ENABLE_OBJC_ARC = YES;
				CLANG_ENABLE_OBJC_WEAK = YES;
				CLANG_WARN_BLOCK_CAPTURE_AUTORELEASING = YES;
				CLANG_WARN_BOOL_CONVERSION = YES;
				CLANG_WARN_COMMA = YES;
				CLANG_WARN_CONSTANT_CONVERSION = YES;
				CLANG_WARN_DEPRECATED_OBJC_IMPLEMENTATIONS = YES;
				CLANG_WARN_DIRECT_OBJC_ISA_USAGE = YES_ERROR;
				CLANG_WARN_DOCUMENTATION_COMMENTS = YES;
				CLANG_WARN_EMPTY_BODY = YES;
				CLANG_WARN_ENUM_CONVERSION = YES;
				CLANG_WARN_INFINITE_RECURSION = YES;
				CLANG_WARN_INT_CONVERSION = YES;
				CLANG_WARN_NON_LITERAL_NULL_CONVERSION = YES;
				CLANG_WARN_OBJC_IMPLICIT_RETAIN_SELF = YES;
				CLANG_WARN_OBJC_LITERAL_CONVERSION = YES;
				CLANG_WARN_OBJC_ROOT_CLASS = YES_ERROR;
				CLANG_WARN_QUOTED_INCLUDE_IN_FRAMEWORK_HEADER = YES;
				CLANG_WARN_RANGE_LOOP_ANALYSIS = YES;
				CLANG_WARN_STRICT_PROTOTYPES = YES;
				CLANG_WARN_SUSPICIOUS_MOVE = YES;
				CLANG_WARN_UNGUARDED_AVAILABILITY = YES_AGGRESSIVE;
				CLANG_WARN_UNREACHABLE_CODE = YES;
				CLANG_WARN__DUPLICATE_METHOD_MATCH = YES;
				COPY_PHASE_STRIP = NO;
				DEBUG_INFORMATION_FORMAT = dwarf;
				ENABLE_STRICT_OBJC_MSGSEND = YES;
				ENABLE_TESTABILITY = YES;
				GCC_C_LANGUAGE_STANDARD = gnu11;
				GCC_DYNAMIC_NO_PIC = NO;
				GCC_NO_COMMON_BLOCKS = YES;
				GCC_OPTIMIZATION_LEVEL = 0;
				GCC_PREPROCESSOR_DEFINITIONS = (
					"DEBUG=1",
					"$(inherited)",
				);
				GCC_WARN_64_TO_32_BIT_CONVERSION = YES;
				GCC_WARN_ABOUT_RETURN_TYPE = YES_ERROR;
				GCC_WARN_UNDECLARED_SELECTOR = YES;
				GCC_WARN_UNINITIALIZED_AUTOS = YES_AGGRESSIVE;
				GCC_WARN_UNUSED_FUNCTION = YES;
				GCC_WARN_UNUSED_VARIABLE = YES;
				IPHONEOS_DEPLOYMENT_TARGET = 15.5;
				MTL_ENABLE_DEBUG_INFO = INCLUDE_SOURCE;
				MTL_FAST_MATH = YES;
				ONLY_ACTIVE_ARCH = YES;
				SDKROOT = iphoneos;
			};
			name = Debug;
		};
		D9638423286A41D80044603B /* Release */ = {
			isa = XCBuildConfiguration;
			buildSettings = {
				ALWAYS_SEARCH_USER_PATHS = NO;
				CLANG_ANALYZER_NONNULL = YES;
				CLANG_ANALYZER_NUMBER_OBJECT_CONVERSION = YES_AGGRESSIVE;
				CLANG_CXX_LANGUAGE_STANDARD = "gnu++17";
				CLANG_ENABLE_MODULES = YES;
				CLANG_ENABLE_OBJC_ARC = YES;
				CLANG_ENABLE_OBJC_WEAK = YES;
				CLANG_WARN_BLOCK_CAPTURE_AUTORELEASING = YES;
				CLANG_WARN_BOOL_CONVERSION = YES;
				CLANG_WARN_COMMA = YES;
				CLANG_WARN_CONSTANT_CONVERSION = YES;
				CLANG_WARN_DEPRECATED_OBJC_IMPLEMENTATIONS = YES;
				CLANG_WARN_DIRECT_OBJC_ISA_USAGE = YES_ERROR;
				CLANG_WARN_DOCUMENTATION_COMMENTS = YES;
				CLANG_WARN_EMPTY_BODY = YES;
				CLANG_WARN_ENUM_CONVERSION = YES;
				CLANG_WARN_INFINITE_RECURSION = YES;
				CLANG_WARN_INT_CONVERSION = YES;
				CLANG_WARN_NON_LITERAL_NULL_CONVERSION = YES;
				CLANG_WARN_OBJC_IMPLICIT_RETAIN_SELF = YES;
				CLANG_WARN_OBJC_LITERAL_CONVERSION = YES;
				CLANG_WARN_OBJC_ROOT_CLASS = YES_ERROR;
				CLANG_WARN_QUOTED_INCLUDE_IN_FRAMEWORK_HEADER = YES;
				CLANG_WARN_RANGE_LOOP_ANALYSIS = YES;
				CLANG_WARN_STRICT_PROTOTYPES = YES;
				CLANG_WARN_SUSPICIOUS_MOVE = YES;
				CLANG_WARN_UNGUARDED_AVAILABILITY = YES_AGGRESSIVE;
				CLANG_WARN_UNREACHABLE_CODE = YES;
				CLANG_WARN__DUPLICATE_METHOD_MATCH = YES;
				COPY_PHASE_STRIP = NO;
				DEBUG_INFORMATION_FORMAT = "dwarf-with-dsym";
				ENABLE_NS_ASSERTIONS = NO;
				ENABLE_STRICT_OBJC_MSGSEND = YES;
				GCC_C_LANGUAGE_STANDARD = gnu11;
				GCC_NO_COMMON_BLOCKS = YES;
				GCC_WARN_64_TO_32_BIT_CONVERSION = YES;
				GCC_WARN_ABOUT_RETURN_TYPE = YES_ERROR;
				GCC_WARN_UNDECLARED_SELECTOR = YES;
				GCC_WARN_UNINITIALIZED_AUTOS = YES_AGGRESSIVE;
				GCC_WARN_UNUSED_FUNCTION = YES;
				GCC_WARN_UNUSED_VARIABLE = YES;
				IPHONEOS_DEPLOYMENT_TARGET = 15.5;
				MTL_ENABLE_DEBUG_INFO = NO;
				MTL_FAST_MATH = YES;
				SDKROOT = iphoneos;
				VALIDATE_PRODUCT = YES;
			};
			name = Release;
		};
		D9638425286A41D80044603B /* Debug */ = {
			isa = XCBuildConfiguration;
			baseConfigurationReference = 4AC0875C55D182A49BF5F003 /* Pods-Instagram.debug.xcconfig */;
			buildSettings = {
				ASSETCATALOG_COMPILER_APPICON_NAME = AppIcon;
				ASSETCATALOG_COMPILER_GLOBAL_ACCENT_COLOR_NAME = AccentColor;
				CODE_SIGN_STYLE = Automatic;
				CURRENT_PROJECT_VERSION = 1;
				DEVELOPMENT_TEAM = 8P98385QWU;
				GENERATE_INFOPLIST_FILE = YES;
				INFOPLIST_FILE = Instagram/Info.plist;
				INFOPLIST_KEY_UIApplicationSupportsIndirectInputEvents = YES;
				INFOPLIST_KEY_UILaunchStoryboardName = LaunchScreen;
				INFOPLIST_KEY_UIMainStoryboardFile = Main;
				INFOPLIST_KEY_UISupportedInterfaceOrientations_iPad = "UIInterfaceOrientationPortrait UIInterfaceOrientationPortraitUpsideDown UIInterfaceOrientationLandscapeLeft UIInterfaceOrientationLandscapeRight";
				INFOPLIST_KEY_UISupportedInterfaceOrientations_iPhone = "UIInterfaceOrientationPortrait UIInterfaceOrientationLandscapeLeft UIInterfaceOrientationLandscapeRight";
				LD_RUNPATH_SEARCH_PATHS = (
					"$(inherited)",
					"@executable_path/Frameworks",
				);
				MARKETING_VERSION = 1.0;
				PRODUCT_BUNDLE_IDENTIFIER = com.InstagramMU.Instagram;
				PRODUCT_NAME = "$(TARGET_NAME)";
				SWIFT_EMIT_LOC_STRINGS = YES;
				TARGETED_DEVICE_FAMILY = "1,2";
			};
			name = Debug;
		};
		D9638426286A41D80044603B /* Release */ = {
			isa = XCBuildConfiguration;
			baseConfigurationReference = 94C360F94FAC1E36E82F1BDF /* Pods-Instagram.release.xcconfig */;
			buildSettings = {
				ASSETCATALOG_COMPILER_APPICON_NAME = AppIcon;
				ASSETCATALOG_COMPILER_GLOBAL_ACCENT_COLOR_NAME = AccentColor;
				CODE_SIGN_STYLE = Automatic;
				CURRENT_PROJECT_VERSION = 1;
				DEVELOPMENT_TEAM = 8P98385QWU;
				GENERATE_INFOPLIST_FILE = YES;
				INFOPLIST_FILE = Instagram/Info.plist;
				INFOPLIST_KEY_UIApplicationSupportsIndirectInputEvents = YES;
				INFOPLIST_KEY_UILaunchStoryboardName = LaunchScreen;
				INFOPLIST_KEY_UIMainStoryboardFile = Main;
				INFOPLIST_KEY_UISupportedInterfaceOrientations_iPad = "UIInterfaceOrientationPortrait UIInterfaceOrientationPortraitUpsideDown UIInterfaceOrientationLandscapeLeft UIInterfaceOrientationLandscapeRight";
				INFOPLIST_KEY_UISupportedInterfaceOrientations_iPhone = "UIInterfaceOrientationPortrait UIInterfaceOrientationLandscapeLeft UIInterfaceOrientationLandscapeRight";
				LD_RUNPATH_SEARCH_PATHS = (
					"$(inherited)",
					"@executable_path/Frameworks",
				);
				MARKETING_VERSION = 1.0;
				PRODUCT_BUNDLE_IDENTIFIER = com.InstagramMU.Instagram;
				PRODUCT_NAME = "$(TARGET_NAME)";
				SWIFT_EMIT_LOC_STRINGS = YES;
				TARGETED_DEVICE_FAMILY = "1,2";
			};
			name = Release;
		};
		D9638428286A41D80044603B /* Debug */ = {
			isa = XCBuildConfiguration;
			baseConfigurationReference = D693C7EB0A836FCF78105BC9 /* Pods-InstagramTests.debug.xcconfig */;
			buildSettings = {
				BUNDLE_LOADER = "$(TEST_HOST)";
				CODE_SIGN_STYLE = Automatic;
				CURRENT_PROJECT_VERSION = 1;
				DEVELOPMENT_TEAM = 8P98385QWU;
				GENERATE_INFOPLIST_FILE = YES;
				IPHONEOS_DEPLOYMENT_TARGET = 15.5;
				MARKETING_VERSION = 1.0;
				PRODUCT_BUNDLE_IDENTIFIER = com.InstagramMU.InstagramTests;
				PRODUCT_NAME = "$(TARGET_NAME)";
				SWIFT_EMIT_LOC_STRINGS = NO;
				TARGETED_DEVICE_FAMILY = "1,2";
				TEST_HOST = "$(BUILT_PRODUCTS_DIR)/Instagram.app/Instagram";
			};
			name = Debug;
		};
		D9638429286A41D80044603B /* Release */ = {
			isa = XCBuildConfiguration;
			baseConfigurationReference = 2080060FE252CADDAB04F489 /* Pods-InstagramTests.release.xcconfig */;
			buildSettings = {
				BUNDLE_LOADER = "$(TEST_HOST)";
				CODE_SIGN_STYLE = Automatic;
				CURRENT_PROJECT_VERSION = 1;
				DEVELOPMENT_TEAM = 8P98385QWU;
				GENERATE_INFOPLIST_FILE = YES;
				IPHONEOS_DEPLOYMENT_TARGET = 15.5;
				MARKETING_VERSION = 1.0;
				PRODUCT_BUNDLE_IDENTIFIER = com.InstagramMU.InstagramTests;
				PRODUCT_NAME = "$(TARGET_NAME)";
				SWIFT_EMIT_LOC_STRINGS = NO;
				TARGETED_DEVICE_FAMILY = "1,2";
				TEST_HOST = "$(BUILT_PRODUCTS_DIR)/Instagram.app/Instagram";
			};
			name = Release;
		};
		D963842B286A41D80044603B /* Debug */ = {
			isa = XCBuildConfiguration;
			baseConfigurationReference = BEC008D994CF6A258B139CEE /* Pods-Instagram-InstagramUITests.debug.xcconfig */;
			buildSettings = {
				CODE_SIGN_STYLE = Automatic;
				CURRENT_PROJECT_VERSION = 1;
				DEVELOPMENT_TEAM = 8P98385QWU;
				GENERATE_INFOPLIST_FILE = YES;
				MARKETING_VERSION = 1.0;
				PRODUCT_BUNDLE_IDENTIFIER = com.InstagramMU.InstagramUITests;
				PRODUCT_NAME = "$(TARGET_NAME)";
				SWIFT_EMIT_LOC_STRINGS = NO;
				TARGETED_DEVICE_FAMILY = "1,2";
				TEST_TARGET_NAME = Instagram;
			};
			name = Debug;
		};
		D963842C286A41D80044603B /* Release */ = {
			isa = XCBuildConfiguration;
			baseConfigurationReference = 2B10950FFFC931AC68C33A33 /* Pods-Instagram-InstagramUITests.release.xcconfig */;
			buildSettings = {
				CODE_SIGN_STYLE = Automatic;
				CURRENT_PROJECT_VERSION = 1;
				DEVELOPMENT_TEAM = 8P98385QWU;
				GENERATE_INFOPLIST_FILE = YES;
				MARKETING_VERSION = 1.0;
				PRODUCT_BUNDLE_IDENTIFIER = com.InstagramMU.InstagramUITests;
				PRODUCT_NAME = "$(TARGET_NAME)";
				SWIFT_EMIT_LOC_STRINGS = NO;
				TARGETED_DEVICE_FAMILY = "1,2";
				TEST_TARGET_NAME = Instagram;
			};
			name = Release;
		};
/* End XCBuildConfiguration section */

/* Begin XCConfigurationList section */
		D96383F0286A41D70044603B /* Build configuration list for PBXProject "Instagram" */ = {
			isa = XCConfigurationList;
			buildConfigurations = (
				D9638422286A41D80044603B /* Debug */,
				D9638423286A41D80044603B /* Release */,
			);
			defaultConfigurationIsVisible = 0;
			defaultConfigurationName = Release;
		};
		D9638424286A41D80044603B /* Build configuration list for PBXNativeTarget "Instagram" */ = {
			isa = XCConfigurationList;
			buildConfigurations = (
				D9638425286A41D80044603B /* Debug */,
				D9638426286A41D80044603B /* Release */,
			);
			defaultConfigurationIsVisible = 0;
			defaultConfigurationName = Release;
		};
		D9638427286A41D80044603B /* Build configuration list for PBXNativeTarget "InstagramTests" */ = {
			isa = XCConfigurationList;
			buildConfigurations = (
				D9638428286A41D80044603B /* Debug */,
				D9638429286A41D80044603B /* Release */,
			);
			defaultConfigurationIsVisible = 0;
			defaultConfigurationName = Release;
		};
		D963842A286A41D80044603B /* Build configuration list for PBXNativeTarget "InstagramUITests" */ = {
			isa = XCConfigurationList;
			buildConfigurations = (
				D963842B286A41D80044603B /* Debug */,
				D963842C286A41D80044603B /* Release */,
			);
			defaultConfigurationIsVisible = 0;
			defaultConfigurationName = Release;
		};
/* End XCConfigurationList section */
	};
	rootObject = D96383ED286A41D70044603B /* Project object */;
}
